Microsoft Visual Studio Solution File, Format Version 11.00
# Visual Studio 2010
Project("{8BC9CEB8-8B4A-11D0-8D11-00A0C91BC942}") = "spkindel", "spkindel.vcxproj", "{9486F47B-3B34-4D10-8E03-50C8F97DB206}"
EndProject
Project("{8BC9CEB8-8B4A-11D0-8D11-00A0C91BC942}") = "spkindelSP", "spkindelPS.vcxproj", "{0B661F35-0E90-4CE3-ACF2-57AB407AAF65}"
EndProject
Global
	GlobalSection(SolutionConfigurationPlatforms) = preSolution
		Debug|Win32 = Debug|Win32
		Release|Win32 = Release|Win32
	EndGlobalSection
	GlobalSection(ProjectConfigurationPlatforms) = postSolution
		{9486F47B-3B34-4D10-8E03-50C8F97DB206}.Debug|Win32.ActiveCfg = Debug|Win32
		{9486F47B-3B34-4D10-8E03-50C8F97DB206}.Debug|Win32.Build.0 = Debug|Win32
		{9486F47B-3B34-4D10-8E03-50C8F97DB206}.Release|Win32.ActiveCfg = Release|Win32
		{9486F47B-3B34-4D10-8E03-50C8F97DB206}.Release|Win32.Build.0 = Release|Win32
		{0B661F35-0E90-4CE3-ACF2-57AB407AAF65}.Debug|Win32.ActiveCfg = Debug|Win32
		{0B661F35-0E90-4CE3-ACF2-57AB407AAF65}.Release|Win32.ActiveCfg = Release|Win32
	EndGlobalSection
	GlobalSection(SolutionProperties) = preSolution
		HideSolutionNode = FALSE
	EndGlobalSection
EndGlobal
